{
  "R": {
    "Version": "4.3.1",
    "Repositories": [
      {
        "Name": "Pharmaverse",
        "URL": "https://pharmaverse.r-universe.dev"
      },
      {
        "Name": "CRAN",
        "URL": "https://cloud.r-project.org"
      },
      {
        "Name": "BioCsoft",
        "URL": "https://bioconductor.org/packages/3.17/bioc"
      },
      {
        "Name": "BioCann",
        "URL": "https://bioconductor.org/packages/3.17/data/annotation"
      },
      {
        "Name": "BioCworkflows",
        "URL": "https://bioconductor.org/packages/3.17/workflows"
      },
      {
        "Name": "BioCbooks",
        "URL": "https://bioconductor.org/packages/3.17/books"
      },
      {
        "Name": "BioCsoft",
        "URL": "https://bioconductor.org/packages/3.17/bioc"
      }
    ]
  },
  "Packages": {
    "renv": {
      "Package": "renv",
      "Version": "0.17.3",
      "Source": "Repository",
      "Repository": "CRAN",
      "Requirements": [
        "utils"
      ],
      "Hash": "4543b8cd233ae25c6aba8548be9e747e"
    }
  }
}
